{
  "originHash" : "d9b22d57d5ac5fc10c1633b98877107827535199a0b078dff88cff5dfa8d7eef",
  "pins" : [
    {
      "identity" : "hdrhistogram-swift",
      "kind" : "remoteSourceControl",
      "location" : "https://github.com/HdrHistogram/hdrhistogram-swift.git",
      "state" : {
        "revision" : "93a1618c8aa20f6a521a9da656a3e0591889e9dc",
        "version" : "0.1.3"
      }
    },
    {
      "identity" : "package-benchmark",
      "kind" : "remoteSourceControl",
      "location" : "https://github.com/ordo-one/package-benchmark",
      "state" : {
        "revision" : "5dcae6e635a33731a9385be50a972e099b08e429",
        "version" : "1.29.6"
      }
    },
    {
      "identity" : "package-jemalloc",
      "kind" : "remoteSourceControl",
      "location" : "https://github.com/ordo-one/package-jemalloc.git",
      "state" : {
        "revision" : "e8a5db026963f5bfeac842d9d3f2cc8cde323b49",
        "version" : "1.0.0"
      }
    },
    {
      "identity" : "secp256k1",
      "kind" : "remoteSourceControl",
      "location" : "https://github.com/swift-bitcoin/secp256k1",
      "state" : {
        "revision" : "79ceccfdf751cc59a2e3b07843e2f5f7340749d7",
        "version" : "0.7.0"
      }
    },
    {
      "identity" : "swift-algorithms",
      "kind" : "remoteSourceControl",
      "location" : "https://github.com/apple/swift-algorithms",
      "state" : {
        "revision" : "87e50f483c54e6efd60e885f7f5aa946cee68023",
        "version" : "1.2.1"
      }
    },
    {
      "identity" : "swift-argument-parser",
      "kind" : "remoteSourceControl",
      "location" : "https://github.com/apple/swift-argument-parser",
      "state" : {
        "revision" : "cdd0ef3755280949551dc26dee5de9ddeda89f54",
        "version" : "1.6.2"
      }
    },
    {
      "identity" : "swift-asn1",
      "kind" : "remoteSourceControl",
      "location" : "https://github.com/apple/swift-asn1.git",
      "state" : {
        "revision" : "40d25bbb2fc5b557a9aa8512210bded327c0f60d",
        "version" : "1.5.0"
      }
    },
    {
      "identity" : "swift-async-algorithms",
      "kind" : "remoteSourceControl",
      "location" : "https://github.com/apple/swift-async-algorithms",
      "state" : {
        "revision" : "2773d4125311133a2f705ec374c363a935069d45",
        "version" : "1.1.0"
      }
    },
    {
      "identity" : "swift-atomics",
      "kind" : "remoteSourceControl",
      "location" : "https://github.com/apple/swift-atomics.git",
      "state" : {
        "revision" : "b601256eab081c0f92f059e12818ac1d4f178ff7",
        "version" : "1.3.0"
      }
    },
    {
      "identity" : "swift-binary-parsing",
      "kind" : "remoteSourceControl",
      "location" : "https://github.com/apple/swift-binary-parsing",
      "state" : {
        "revision" : "2897231396f97c2ea151936e64b84f4e238c3ad9",
        "version" : "0.0.1"
      }
    },
    {
      "identity" : "swift-bitcoin",
      "kind" : "remoteSourceControl",
      "location" : "https://github.com/swift-bitcoin/swift-bitcoin",
      "state" : {
        "revision" : "36102bfc8e687fc22e318e102ff214e475082b9a",
        "version" : "0.1.4"
      }
    },
    {
      "identity" : "swift-certificates",
      "kind" : "remoteSourceControl",
      "location" : "https://github.com/apple/swift-certificates.git",
      "state" : {
        "revision" : "66a8512c4e7466582bab21e0e0c333f01974e5b6",
        "version" : "1.16.0"
      }
    },
    {
      "identity" : "swift-collections",
      "kind" : "remoteSourceControl",
      "location" : "https://github.com/apple/swift-collections",
      "state" : {
        "revision" : "7b847a3b7008b2dc2f47ca3110d8c782fb2e5c7e",
        "version" : "1.3.0"
      }
    },
    {
      "identity" : "swift-crypto",
      "kind" : "remoteSourceControl",
      "location" : "https://github.com/apple/swift-crypto.git",
      "state" : {
        "revision" : "95ba0316a9b733e92bb6b071255ff46263bbe7dc",
        "version" : "3.15.1"
      }
    },
    {
      "identity" : "swift-http-structured-headers",
      "kind" : "remoteSourceControl",
      "location" : "https://github.com/apple/swift-http-structured-headers.git",
      "state" : {
        "revision" : "76d7627bd88b47bf5a0f8497dd244885960dde0b",
        "version" : "1.6.0"
      }
    },
    {
      "identity" : "swift-http-types",
      "kind" : "remoteSourceControl",
      "location" : "https://github.com/apple/swift-http-types.git",
      "state" : {
        "revision" : "45eb0224913ea070ec4fba17291b9e7ecf4749ca",
        "version" : "1.5.1"
      }
    },
    {
      "identity" : "swift-lmdb",
      "kind" : "remoteSourceControl",
      "location" : "https://github.com/swift-bitcoin/swift-lmdb",
      "state" : {
        "revision" : "adfc036d41476dce03425e0182f7c96cd9f5d022",
        "version" : "6.2.1"
      }
    },
    {
      "identity" : "swift-log",
      "kind" : "remoteSourceControl",
      "location" : "https://github.com/apple/swift-log.git",
      "state" : {
        "revision" : "ce592ae52f982c847a4efc0dd881cc9eb32d29f2",
        "version" : "1.6.4"
      }
    },
    {
      "identity" : "swift-metrics",
      "kind" : "remoteSourceControl",
      "location" : "https://github.com/apple/swift-metrics.git",
      "state" : {
        "revision" : "0743a9364382629da3bf5677b46a2c4b1ce5d2a6",
        "version" : "2.7.1"
      }
    },
    {
      "identity" : "swift-nio",
      "kind" : "remoteSourceControl",
      "location" : "https://github.com/apple/swift-nio.git",
      "state" : {
        "revision" : "3eea09220e07d34ace722221cbda90306f48c86c",
        "version" : "2.90.1"
      }
    },
    {
      "identity" : "swift-nio-extras",
      "kind" : "remoteSourceControl",
      "location" : "https://github.com/apple/swift-nio-extras.git",
      "state" : {
        "revision" : "7ee281d816fa8e5f3967a2c294035a318ea551c7",
        "version" : "1.31.0"
      }
    },
    {
      "identity" : "swift-nio-http2",
      "kind" : "remoteSourceControl",
      "location" : "https://github.com/apple/swift-nio-http2.git",
      "state" : {
        "revision" : "c2ba4cfbb83f307c66f5a6df6bb43e3c88dfbf80",
        "version" : "1.39.0"
      }
    },
    {
      "identity" : "swift-nio-ssl",
      "kind" : "remoteSourceControl",
      "location" : "https://github.com/apple/swift-nio-ssl.git",
      "state" : {
        "revision" : "173cc69a058623525a58ae6710e2f5727c663793",
        "version" : "2.36.0"
      }
    },
    {
      "identity" : "swift-numerics",
      "kind" : "remoteSourceControl",
      "location" : "https://github.com/apple/swift-numerics.git",
      "state" : {
        "revision" : "0c0290ff6b24942dadb83a929ffaaa1481df04a2",
        "version" : "1.1.1"
      }
    },
    {
      "identity" : "swift-profile-recorder",
      "kind" : "remoteSourceControl",
      "location" : "https://github.com/apple/swift-profile-recorder.git",
      "state" : {
        "revision" : "03c1510ae7375e5dc887e233558af650219fddfe",
        "version" : "0.3.9"
      }
    },
    {
      "identity" : "swift-protobuf",
      "kind" : "remoteSourceControl",
      "location" : "https://github.com/apple/swift-protobuf.git",
      "state" : {
        "revision" : "c169a5744230951031770e27e475ff6eefe51f9d",
        "version" : "1.33.3"
      }
    },
    {
      "identity" : "swift-service-lifecycle",
      "kind" : "remoteSourceControl",
      "location" : "https://github.com/swift-server/swift-service-lifecycle.git",
      "state" : {
        "revision" : "1de37290c0ab3c5a96028e0f02911b672fd42348",
        "version" : "2.9.1"
      }
    },
    {
      "identity" : "swift-statsd-client",
      "kind" : "remoteSourceControl",
      "location" : "https://github.com/apple/swift-statsd-client.git",
      "state" : {
        "revision" : "71e1d1dfb09b66acd1102a990efc7cd709b288ec",
        "version" : "1.1.0"
      }
    },
    {
      "identity" : "swift-syntax",
      "kind" : "remoteSourceControl",
      "location" : "https://github.com/swiftlang/swift-syntax.git",
      "state" : {
        "revision" : "0687f71944021d616d34d922343dcef086855920",
        "version" : "600.0.1"
      }
    },
    {
      "identity" : "swift-system",
      "kind" : "remoteSourceControl",
      "location" : "https://github.com/apple/swift-system.git",
      "state" : {
        "revision" : "395a77f0aa927f0ff73941d7ac35f2b46d47c9db",
        "version" : "1.6.3"
      }
    },
    {
      "identity" : "texttable",
      "kind" : "remoteSourceControl",
      "location" : "https://github.com/ordo-one/TextTable.git",
      "state" : {
        "revision" : "a27a07300cf4ae322e0079ca0a475c5583dd575f",
        "version" : "0.0.2"
      }
    }
  ],
  "version" : 3
}
